
Microsoft Visual Studio Solution File, Format Version 12.00
# Visual Studio Version 17
VisualStudioVersion = 17.1.32328.378
MinimumVisualStudioVersion = 10.0.40219.1
Project("{9A19103F-16F7-4668-BE54-9A1E7A4F7556}") = "Projekt", "Projekt\Projekt.csproj", "{6480BD47-B7CB-4970-B20F-FE467E47D791}"
EndProject
Project("{2150E333-8FDC-42A3-9474-1A3956D46DE8}") = "Solution Items", "Solution Items", "{2929B415-6049-4123-B4F2-14B1B3820589}"
EndProject
Global
	GlobalSection(SolutionConfigurationPlatforms) = preSolution
		Debug|Any CPU = Debug|Any CPU
		Release|Any CPU = Release|Any CPU
	EndGlobalSection
	GlobalSection(ProjectConfigurationPlatforms) = postSolution
		{6480BD47-B7CB-4970-B20F-FE467E47D791}.Debug|Any CPU.ActiveCfg = Debug|Any CPU
		{6480BD47-B7CB-4970-B20F-FE467E47D791}.Debug|Any CPU.Build.0 = Debug|Any CPU
		{6480BD47-B7CB-4970-B20F-FE467E47D791}.Release|Any CPU.ActiveCfg = Release|Any CPU
		{6480BD47-B7CB-4970-B20F-FE467E47D791}.Release|Any CPU.Build.0 = Release|Any CPU
	EndGlobalSection
	GlobalSection(SolutionProperties) = preSolution
		HideSolutionNode = FALSE
	EndGlobalSection
	GlobalSection(ExtensibilityGlobals) = postSolution
		SolutionGuid = {5BAD73BF-782B-4173-BD48-2205D16ABDD7}
	EndGlobalSection
EndGlobal
